
Microsoft Visual Studio Solution File, Format Version 12.00
# Visual Studio 15
VisualStudioVersion = 15.0.28307.438
MinimumVisualStudioVersion = 10.0.40219.1
Project("{8BC9CEB8-8B4A-11D0-8D11-00A0C91BC942}") = "chapt01_basic", "chapt01_basic\chapt01_basic.vcxproj", "{B50A889F-57B9-4ABF-8433-34EDF39DA9BC}"
EndProject
Global
	GlobalSection(SolutionConfigurationPlatforms) = preSolution
		Debug|x64 = Debug|x64
		Debug|x86 = Debug|x86
		Release|x64 = Release|x64
		Release|x86 = Release|x86
	EndGlobalSection
	GlobalSection(ProjectConfigurationPlatforms) = postSolution
		{B50A889F-57B9-4ABF-8433-34EDF39DA9BC}.Debug|x64.ActiveCfg = Debug|x64
		{B50A889F-57B9-4ABF-8433-34EDF39DA9BC}.Debug|x64.Build.0 = Debug|x64
		{B50A889F-57B9-4ABF-8433-34EDF39DA9BC}.Debug|x86.ActiveCfg = Debug|Win32
		{B50A889F-57B9-4ABF-8433-34EDF39DA9BC}.Debug|x86.Build.0 = Debug|Win32
		{B50A889F-57B9-4ABF-8433-34EDF39DA9BC}.Release|x64.ActiveCfg = Release|x64
		{B50A889F-57B9-4ABF-8433-34EDF39DA9BC}.Release|x64.Build.0 = Release|x64
		{B50A889F-57B9-4ABF-8433-34EDF39DA9BC}.Release|x86.ActiveCfg = Release|Win32
		{B50A889F-57B9-4ABF-8433-34EDF39DA9BC}.Release|x86.Build.0 = Release|Win32
	EndGlobalSection
	GlobalSection(SolutionProperties) = preSolution
		HideSolutionNode = FALSE
	EndGlobalSection
	GlobalSection(ExtensibilityGlobals) = postSolution
		SolutionGuid = {E28CF8E1-11C1-4507-ABDB-893C4C960609}
	EndGlobalSection
EndGlobal
